// !$*UTF8*$!
{
	archiveVersion = 1;
	classes = {
	};
	objectVersion = 46;
	objects = {

/* Begin PBXBuildFile section */
		1DA4B52041AEF130AF00FEF6 /* Pods_senditUITests.framework in Frameworks */ = {isa = PBXBuildFile; fileRef = 945AE7D6CF4CA6437E9BF72A /* Pods_senditUITests.framework */; };
		21C1ADC5A911DAE0C8A87FC0 /* Pods_senditTests.framework in Frameworks */ = {isa = PBXBuildFile; fileRef = 260B8A0D67B050BC06B02316 /* Pods_senditTests.framework */; };
		7117F61F285E56BE296AD4D7 /* Pods_sendit.framework in Frameworks */ = {isa = PBXBuildFile; fileRef = C4921721A308A8E41F2E5F03 /* Pods_sendit.framework */; };
		8C687A3A1E9DEBA2005631F7 /* EventItem.swift in Sources */ = {isa = PBXBuildFile; fileRef = 8C687A391E9DEBA2005631F7 /* EventItem.swift */; };
		8C687A401E9E1DCB005631F7 /* User.swift in Sources */ = {isa = PBXBuildFile; fileRef = 8C687A3F1E9E1DCB005631F7 /* User.swift */; };
		976C65AD1E9C45C900B01E80 /* NextViewController.swift in Sources */ = {isa = PBXBuildFile; fileRef = 976C65AC1E9C45C900B01E80 /* NextViewController.swift */; };
		978878D51E95C9F2009835D6 /* LoginViewController.swift in Sources */ = {isa = PBXBuildFile; fileRef = 978878D41E95C9F2009835D6 /* LoginViewController.swift */; };
		978878D91E95DCC6009835D6 /* TutorialPageViewController.swift in Sources */ = {isa = PBXBuildFile; fileRef = 978878D81E95DCC6009835D6 /* TutorialPageViewController.swift */; };
		978878DB1E96C24D009835D6 /* Main.storyboard in Resources */ = {isa = PBXBuildFile; fileRef = 978878DA1E96C24D009835D6 /* Main.storyboard */; };
		E4311E151E75FF2700FBDF9F /* AppDelegate.swift in Sources */ = {isa = PBXBuildFile; fileRef = E4311E141E75FF2700FBDF9F /* AppDelegate.swift */; };
		E4311E1C1E75FF2700FBDF9F /* Assets.xcassets in Resources */ = {isa = PBXBuildFile; fileRef = E4311E1B1E75FF2700FBDF9F /* Assets.xcassets */; };
		E4311E1F1E75FF2700FBDF9F /* LaunchScreen.storyboard in Resources */ = {isa = PBXBuildFile; fileRef = E4311E1D1E75FF2700FBDF9F /* LaunchScreen.storyboard */; };
		E4311E2A1E75FF2700FBDF9F /* senditTests.swift in Sources */ = {isa = PBXBuildFile; fileRef = E4311E291E75FF2700FBDF9F /* senditTests.swift */; };
		E4311E351E75FF2700FBDF9F /* senditUITests.swift in Sources */ = {isa = PBXBuildFile; fileRef = E4311E341E75FF2700FBDF9F /* senditUITests.swift */; };
		E4311E441E760D1400FBDF9F /* EventViewController.swift in Sources */ = {isa = PBXBuildFile; fileRef = E4311E431E760D1400FBDF9F /* EventViewController.swift */; };
		E4311E461E760F5700FBDF9F /* Tutorial.storyboard in Resources */ = {isa = PBXBuildFile; fileRef = E4311E451E760F5700FBDF9F /* Tutorial.storyboard */; };
		E4311E481E7611EB00FBDF9F /* GoogleService-Info.plist in Resources */ = {isa = PBXBuildFile; fileRef = E4311E471E7611EB00FBDF9F /* GoogleService-Info.plist */; };
		E475BB101EA6D58C00605B56 /* EventDetailsViewController.swift in Sources */ = {isa = PBXBuildFile; fileRef = E475BB0F1EA6D58C00605B56 /* EventDetailsViewController.swift */; };
/* End PBXBuildFile section */

/* Begin PBXContainerItemProxy section */
		E4311E261E75FF2700FBDF9F /* PBXContainerItemProxy */ = {
			isa = PBXContainerItemProxy;
			containerPortal = E4311E091E75FF2600FBDF9F /* Project object */;
			proxyType = 1;
			remoteGlobalIDString = E4311E101E75FF2600FBDF9F;
			remoteInfo = sendit;
		};
		E4311E311E75FF2700FBDF9F /* PBXContainerItemProxy */ = {
			isa = PBXContainerItemProxy;
			containerPortal = E4311E091E75FF2600FBDF9F /* Project object */;
			proxyType = 1;
			remoteGlobalIDString = E4311E101E75FF2600FBDF9F;
			remoteInfo = sendit;
		};
/* End PBXContainerItemProxy section */

/* Begin PBXFileReference section */
		1648F0DD869C9BF8E1FF8A5D /* Pods-sendit.debug.xcconfig */ = {isa = PBXFileReference; includeInIndex = 1; lastKnownFileType = text.xcconfig; name = "Pods-sendit.debug.xcconfig"; path = "Pods/Target Support Files/Pods-sendit/Pods-sendit.debug.xcconfig"; sourceTree = "<group>"; };
		260B8A0D67B050BC06B02316 /* Pods_senditTests.framework */ = {isa = PBXFileReference; explicitFileType = wrapper.framework; includeInIndex = 0; path = Pods_senditTests.framework; sourceTree = BUILT_PRODUCTS_DIR; };
		3260868B878690FFE6A42F8E /* Pods-sendit.release.xcconfig */ = {isa = PBXFileReference; includeInIndex = 1; lastKnownFileType = text.xcconfig; name = "Pods-sendit.release.xcconfig"; path = "Pods/Target Support Files/Pods-sendit/Pods-sendit.release.xcconfig"; sourceTree = "<group>"; };
		8C687A391E9DEBA2005631F7 /* EventItem.swift */ = {isa = PBXFileReference; fileEncoding = 4; lastKnownFileType = sourcecode.swift; path = EventItem.swift; sourceTree = "<group>"; };
		8C687A3F1E9E1DCB005631F7 /* User.swift */ = {isa = PBXFileReference; fileEncoding = 4; lastKnownFileType = sourcecode.swift; path = User.swift; sourceTree = "<group>"; };
		945AE7D6CF4CA6437E9BF72A /* Pods_senditUITests.framework */ = {isa = PBXFileReference; explicitFileType = wrapper.framework; includeInIndex = 0; path = Pods_senditUITests.framework; sourceTree = BUILT_PRODUCTS_DIR; };
		976C65AC1E9C45C900B01E80 /* NextViewController.swift */ = {isa = PBXFileReference; fileEncoding = 4; lastKnownFileType = sourcecode.swift; path = NextViewController.swift; sourceTree = "<group>"; };
		978878D41E95C9F2009835D6 /* LoginViewController.swift */ = {isa = PBXFileReference; fileEncoding = 4; lastKnownFileType = sourcecode.swift; path = LoginViewController.swift; sourceTree = "<group>"; };
		978878D81E95DCC6009835D6 /* TutorialPageViewController.swift */ = {isa = PBXFileReference; fileEncoding = 4; lastKnownFileType = sourcecode.swift; path = TutorialPageViewController.swift; sourceTree = "<group>"; };
		978878DA1E96C24D009835D6 /* Main.storyboard */ = {isa = PBXFileReference; fileEncoding = 4; lastKnownFileType = file.storyboard; path = Main.storyboard; sourceTree = "<group>"; };
		9B5172443819BDFD2202C860 /* Pods-senditTests.debug.xcconfig */ = {isa = PBXFileReference; includeInIndex = 1; lastKnownFileType = text.xcconfig; name = "Pods-senditTests.debug.xcconfig"; path = "Pods/Target Support Files/Pods-senditTests/Pods-senditTests.debug.xcconfig"; sourceTree = "<group>"; };
		B90A8CF74D9F0CBD5F0C7EC2 /* Pods-senditTests.release.xcconfig */ = {isa = PBXFileReference; includeInIndex = 1; lastKnownFileType = text.xcconfig; name = "Pods-senditTests.release.xcconfig"; path = "Pods/Target Support Files/Pods-senditTests/Pods-senditTests.release.xcconfig"; sourceTree = "<group>"; };
		C4921721A308A8E41F2E5F03 /* Pods_sendit.framework */ = {isa = PBXFileReference; explicitFileType = wrapper.framework; includeInIndex = 0; path = Pods_sendit.framework; sourceTree = BUILT_PRODUCTS_DIR; };
		C8F1FC065CFB05A9B4FA88D6 /* Pods-senditUITests.debug.xcconfig */ = {isa = PBXFileReference; includeInIndex = 1; lastKnownFileType = text.xcconfig; name = "Pods-senditUITests.debug.xcconfig"; path = "Pods/Target Support Files/Pods-senditUITests/Pods-senditUITests.debug.xcconfig"; sourceTree = "<group>"; };
		DDCDE5493104EA60A31878C2 /* Pods-senditUITests.release.xcconfig */ = {isa = PBXFileReference; includeInIndex = 1; lastKnownFileType = text.xcconfig; name = "Pods-senditUITests.release.xcconfig"; path = "Pods/Target Support Files/Pods-senditUITests/Pods-senditUITests.release.xcconfig"; sourceTree = "<group>"; };
		E4311E111E75FF2700FBDF9F /* sendit.app */ = {isa = PBXFileReference; explicitFileType = wrapper.application; includeInIndex = 0; path = sendit.app; sourceTree = BUILT_PRODUCTS_DIR; };
		E4311E141E75FF2700FBDF9F /* AppDelegate.swift */ = {isa = PBXFileReference; lastKnownFileType = sourcecode.swift; path = AppDelegate.swift; sourceTree = "<group>"; };
		E4311E1B1E75FF2700FBDF9F /* Assets.xcassets */ = {isa = PBXFileReference; lastKnownFileType = folder.assetcatalog; path = Assets.xcassets; sourceTree = "<group>"; };
		E4311E1E1E75FF2700FBDF9F /* Base */ = {isa = PBXFileReference; lastKnownFileType = file.storyboard; name = Base; path = Base.lproj/LaunchScreen.storyboard; sourceTree = "<group>"; };
		E4311E201E75FF2700FBDF9F /* Info.plist */ = {isa = PBXFileReference; lastKnownFileType = text.plist.xml; path = Info.plist; sourceTree = "<group>"; };
		E4311E251E75FF2700FBDF9F /* senditTests.xctest */ = {isa = PBXFileReference; explicitFileType = wrapper.cfbundle; includeInIndex = 0; path = senditTests.xctest; sourceTree = BUILT_PRODUCTS_DIR; };
		E4311E291E75FF2700FBDF9F /* senditTests.swift */ = {isa = PBXFileReference; lastKnownFileType = sourcecode.swift; path = senditTests.swift; sourceTree = "<group>"; };
		E4311E2B1E75FF2700FBDF9F /* Info.plist */ = {isa = PBXFileReference; lastKnownFileType = text.plist.xml; path = Info.plist; sourceTree = "<group>"; };
		E4311E301E75FF2700FBDF9F /* senditUITests.xctest */ = {isa = PBXFileReference; explicitFileType = wrapper.cfbundle; includeInIndex = 0; path = senditUITests.xctest; sourceTree = BUILT_PRODUCTS_DIR; };
		E4311E341E75FF2700FBDF9F /* senditUITests.swift */ = {isa = PBXFileReference; lastKnownFileType = sourcecode.swift; path = senditUITests.swift; sourceTree = "<group>"; };
		E4311E361E75FF2700FBDF9F /* Info.plist */ = {isa = PBXFileReference; lastKnownFileType = text.plist.xml; path = Info.plist; sourceTree = "<group>"; };
		E4311E431E760D1400FBDF9F /* EventViewController.swift */ = {isa = PBXFileReference; fileEncoding = 4; lastKnownFileType = sourcecode.swift; path = EventViewController.swift; sourceTree = "<group>"; };
		E4311E451E760F5700FBDF9F /* Tutorial.storyboard */ = {isa = PBXFileReference; fileEncoding = 4; lastKnownFileType = file.storyboard; path = Tutorial.storyboard; sourceTree = "<group>"; };
		E4311E471E7611EB00FBDF9F /* GoogleService-Info.plist */ = {isa = PBXFileReference; fileEncoding = 4; lastKnownFileType = text.plist.xml; path = "GoogleService-Info.plist"; sourceTree = "<group>"; };
		E475BB0F1EA6D58C00605B56 /* EventDetailsViewController.swift */ = {isa = PBXFileReference; fileEncoding = 4; lastKnownFileType = sourcecode.swift; path = EventDetailsViewController.swift; sourceTree = "<group>"; };
/* End PBXFileReference section */

/* Begin PBXFrameworksBuildPhase section */
		E4311E0E1E75FF2600FBDF9F /* Frameworks */ = {
			isa = PBXFrameworksBuildPhase;
			buildActionMask = 2147483647;
			files = (
				7117F61F285E56BE296AD4D7 /* Pods_sendit.framework in Frameworks */,
			);
			runOnlyForDeploymentPostprocessing = 0;
		};
		E4311E221E75FF2700FBDF9F /* Frameworks */ = {
			isa = PBXFrameworksBuildPhase;
			buildActionMask = 2147483647;
			files = (
				21C1ADC5A911DAE0C8A87FC0 /* Pods_senditTests.framework in Frameworks */,
			);
			runOnlyForDeploymentPostprocessing = 0;
		};
		E4311E2D1E75FF2700FBDF9F /* Frameworks */ = {
			isa = PBXFrameworksBuildPhase;
			buildActionMask = 2147483647;
			files = (
				1DA4B52041AEF130AF00FEF6 /* Pods_senditUITests.framework in Frameworks */,
			);
			runOnlyForDeploymentPostprocessing = 0;
		};
/* End PBXFrameworksBuildPhase section */

/* Begin PBXGroup section */
		4182D427D5CD6ECE13FF5775 /* Frameworks */ = {
			isa = PBXGroup;
			children = (
				C4921721A308A8E41F2E5F03 /* Pods_sendit.framework */,
				260B8A0D67B050BC06B02316 /* Pods_senditTests.framework */,
				945AE7D6CF4CA6437E9BF72A /* Pods_senditUITests.framework */,
			);
			name = Frameworks;
			sourceTree = "<group>";
		};
		B489EF6EFEADF33D0880B79D /* Pods */ = {
			isa = PBXGroup;
			children = (
				1648F0DD869C9BF8E1FF8A5D /* Pods-sendit.debug.xcconfig */,
				3260868B878690FFE6A42F8E /* Pods-sendit.release.xcconfig */,
				9B5172443819BDFD2202C860 /* Pods-senditTests.debug.xcconfig */,
				B90A8CF74D9F0CBD5F0C7EC2 /* Pods-senditTests.release.xcconfig */,
				C8F1FC065CFB05A9B4FA88D6 /* Pods-senditUITests.debug.xcconfig */,
				DDCDE5493104EA60A31878C2 /* Pods-senditUITests.release.xcconfig */,
			);
			name = Pods;
			sourceTree = "<group>";
		};
		E4311E081E75FF2600FBDF9F = {
			isa = PBXGroup;
			children = (
				E4311E131E75FF2700FBDF9F /* sendit */,
				E4311E281E75FF2700FBDF9F /* senditTests */,
				E4311E331E75FF2700FBDF9F /* senditUITests */,
				E4311E121E75FF2700FBDF9F /* Products */,
				B489EF6EFEADF33D0880B79D /* Pods */,
				4182D427D5CD6ECE13FF5775 /* Frameworks */,
			);
			sourceTree = "<group>";
		};
		E4311E121E75FF2700FBDF9F /* Products */ = {
			isa = PBXGroup;
			children = (
				E4311E111E75FF2700FBDF9F /* sendit.app */,
				E4311E251E75FF2700FBDF9F /* senditTests.xctest */,
				E4311E301E75FF2700FBDF9F /* senditUITests.xctest */,
			);
			name = Products;
			sourceTree = "<group>";
		};
		E4311E131E75FF2700FBDF9F /* sendit */ = {
			isa = PBXGroup;
			children = (
				978878DA1E96C24D009835D6 /* Main.storyboard */,
				976C65AC1E9C45C900B01E80 /* NextViewController.swift */,
				978878D81E95DCC6009835D6 /* TutorialPageViewController.swift */,
				978878D41E95C9F2009835D6 /* LoginViewController.swift */,
				E4311E1B1E75FF2700FBDF9F /* Assets.xcassets */,
				E4311E141E75FF2700FBDF9F /* AppDelegate.swift */,
				E4311E471E7611EB00FBDF9F /* GoogleService-Info.plist */,
				E4311E1D1E75FF2700FBDF9F /* LaunchScreen.storyboard */,
				E4311E201E75FF2700FBDF9F /* Info.plist */,
				E4311E431E760D1400FBDF9F /* EventViewController.swift */,
				E475BB0F1EA6D58C00605B56 /* EventDetailsViewController.swift */,
				8C687A391E9DEBA2005631F7 /* EventItem.swift */,
				8C687A3F1E9E1DCB005631F7 /* User.swift */,
				E4311E451E760F5700FBDF9F /* Tutorial.storyboard */,
			);
			path = sendit;
			sourceTree = "<group>";
		};
		E4311E281E75FF2700FBDF9F /* senditTests */ = {
			isa = PBXGroup;
			children = (
				E4311E291E75FF2700FBDF9F /* senditTests.swift */,
				E4311E2B1E75FF2700FBDF9F /* Info.plist */,
			);
			path = senditTests;
			sourceTree = "<group>";
		};
		E4311E331E75FF2700FBDF9F /* senditUITests */ = {
			isa = PBXGroup;
			children = (
				E4311E341E75FF2700FBDF9F /* senditUITests.swift */,
				E4311E361E75FF2700FBDF9F /* Info.plist */,
			);
			path = senditUITests;
			sourceTree = "<group>";
		};
/* End PBXGroup section */

/* Begin PBXNativeTarget section */
		E4311E101E75FF2600FBDF9F /* sendit */ = {
			isa = PBXNativeTarget;
			buildConfigurationList = E4311E391E75FF2700FBDF9F /* Build configuration list for PBXNativeTarget "sendit" */;
			buildPhases = (
				8F1CF6D969DF170C29A63AB7 /* [CP] Check Pods Manifest.lock */,
				E4311E0D1E75FF2600FBDF9F /* Sources */,
				E4311E0E1E75FF2600FBDF9F /* Frameworks */,
				E4311E0F1E75FF2600FBDF9F /* Resources */,
				AB3C658CB0058D8935320C32 /* [CP] Embed Pods Frameworks */,
				5916561C8DD1316C6DD128F4 /* [CP] Copy Pods Resources */,
			);
			buildRules = (
			);
			dependencies = (
			);
			name = sendit;
			productName = sendit;
			productReference = E4311E111E75FF2700FBDF9F /* sendit.app */;
			productType = "com.apple.product-type.application";
		};
		E4311E241E75FF2700FBDF9F /* senditTests */ = {
			isa = PBXNativeTarget;
			buildConfigurationList = E4311E3C1E75FF2700FBDF9F /* Build configuration list for PBXNativeTarget "senditTests" */;
			buildPhases = (
				EAB680935147248B7CCA661E /* [CP] Check Pods Manifest.lock */,
				E4311E211E75FF2700FBDF9F /* Sources */,
				E4311E221E75FF2700FBDF9F /* Frameworks */,
				E4311E231E75FF2700FBDF9F /* Resources */,
				D98E55F96490353771D6643A /* [CP] Embed Pods Frameworks */,
				D323C5ED4E2F6C52FF24753F /* [CP] Copy Pods Resources */,
			);
			buildRules = (
			);
			dependencies = (
				E4311E271E75FF2700FBDF9F /* PBXTargetDependency */,
			);
			name = senditTests;
			productName = senditTests;
			productReference = E4311E251E75FF2700FBDF9F /* senditTests.xctest */;
			productType = "com.apple.product-type.bundle.unit-test";
		};
		E4311E2F1E75FF2700FBDF9F /* senditUITests */ = {
			isa = PBXNativeTarget;
			buildConfigurationList = E4311E3F1E75FF2700FBDF9F /* Build configuration list for PBXNativeTarget "senditUITests" */;
			buildPhases = (
				E481A7D65F3C2CD0B617A710 /* [CP] Check Pods Manifest.lock */,
				E4311E2C1E75FF2700FBDF9F /* Sources */,
				E4311E2D1E75FF2700FBDF9F /* Frameworks */,
				E4311E2E1E75FF2700FBDF9F /* Resources */,
				2CB865159CB1296BFC56B269 /* [CP] Embed Pods Frameworks */,
				1A272F07E659DE67496ED42F /* [CP] Copy Pods Resources */,
			);
			buildRules = (
			);
			dependencies = (
				E4311E321E75FF2700FBDF9F /* PBXTargetDependency */,
			);
			name = senditUITests;
			productName = senditUITests;
			productReference = E4311E301E75FF2700FBDF9F /* senditUITests.xctest */;
			productType = "com.apple.product-type.bundle.ui-testing";
		};
/* End PBXNativeTarget section */

/* Begin PBXProject section */
		E4311E091E75FF2600FBDF9F /* Project object */ = {
			isa = PBXProject;
			attributes = {
				LastSwiftUpdateCheck = 0820;
				LastUpgradeCheck = 0820;
				ORGANIZATIONNAME = "Holly Haraguchi";
				TargetAttributes = {
					E4311E101E75FF2600FBDF9F = {
						CreatedOnToolsVersion = 8.2.1;
						DevelopmentTeam = GRAXQY7GD5;
						ProvisioningStyle = Automatic;
					};
					E4311E241E75FF2700FBDF9F = {
						CreatedOnToolsVersion = 8.2.1;
						ProvisioningStyle = Automatic;
						TestTargetID = E4311E101E75FF2600FBDF9F;
					};
					E4311E2F1E75FF2700FBDF9F = {
						CreatedOnToolsVersion = 8.2.1;
						ProvisioningStyle = Automatic;
						TestTargetID = E4311E101E75FF2600FBDF9F;
					};
				};
			};
			buildConfigurationList = E4311E0C1E75FF2600FBDF9F /* Build configuration list for PBXProject "sendit" */;
			compatibilityVersion = "Xcode 3.2";
			developmentRegion = English;
			hasScannedForEncodings = 0;
			knownRegions = (
				en,
				Base,
			);
			mainGroup = E4311E081E75FF2600FBDF9F;
			productRefGroup = E4311E121E75FF2700FBDF9F /* Products */;
			projectDirPath = "";
			projectRoot = "";
			targets = (
				E4311E101E75FF2600FBDF9F /* sendit */,
				E4311E241E75FF2700FBDF9F /* senditTests */,
				E4311E2F1E75FF2700FBDF9F /* senditUITests */,
			);
		};
/* End PBXProject section */

/* Begin PBXResourcesBuildPhase section */
		E4311E0F1E75FF2600FBDF9F /* Resources */ = {
			isa = PBXResourcesBuildPhase;
			buildActionMask = 2147483647;
			files = (
				E4311E1F1E75FF2700FBDF9F /* LaunchScreen.storyboard in Resources */,
				978878DB1E96C24D009835D6 /* Main.storyboard in Resources */,
				E4311E1C1E75FF2700FBDF9F /* Assets.xcassets in Resources */,
				E4311E481E7611EB00FBDF9F /* GoogleService-Info.plist in Resources */,
				E4311E461E760F5700FBDF9F /* Tutorial.storyboard in Resources */,
			);
			runOnlyForDeploymentPostprocessing = 0;
		};
		E4311E231E75FF2700FBDF9F /* Resources */ = {
			isa = PBXResourcesBuildPhase;
			buildActionMask = 2147483647;
			files = (
			);
			runOnlyForDeploymentPostprocessing = 0;
		};
		E4311E2E1E75FF2700FBDF9F /* Resources */ = {
			isa = PBXResourcesBuildPhase;
			buildActionMask = 2147483647;
			files = (
			);
			runOnlyForDeploymentPostprocessing = 0;
		};
/* End PBXResourcesBuildPhase section */

/* Begin PBXShellScriptBuildPhase section */
		1A272F07E659DE67496ED42F /* [CP] Copy Pods Resources */ = {
			isa = PBXShellScriptBuildPhase;
			buildActionMask = 2147483647;
			files = (
			);
			inputPaths = (
			);
			name = "[CP] Copy Pods Resources";
			outputPaths = (
			);
			runOnlyForDeploymentPostprocessing = 0;
			shellPath = /bin/sh;
			shellScript = "\"${SRCROOT}/Pods/Target Support Files/Pods-senditUITests/Pods-senditUITests-resources.sh\"\n";
			showEnvVarsInLog = 0;
		};
		2CB865159CB1296BFC56B269 /* [CP] Embed Pods Frameworks */ = {
			isa = PBXShellScriptBuildPhase;
			buildActionMask = 2147483647;
			files = (
			);
			inputPaths = (
			);
			name = "[CP] Embed Pods Frameworks";
			outputPaths = (
			);
			runOnlyForDeploymentPostprocessing = 0;
			shellPath = /bin/sh;
			shellScript = "\"${SRCROOT}/Pods/Target Support Files/Pods-senditUITests/Pods-senditUITests-frameworks.sh\"\n";
			showEnvVarsInLog = 0;
		};
		5916561C8DD1316C6DD128F4 /* [CP] Copy Pods Resources */ = {
			isa = PBXShellScriptBuildPhase;
			buildActionMask = 2147483647;
			files = (
			);
			inputPaths = (
			);
			name = "[CP] Copy Pods Resources";
			outputPaths = (
			);
			runOnlyForDeploymentPostprocessing = 0;
			shellPath = /bin/sh;
			shellScript = "\"${SRCROOT}/Pods/Target Support Files/Pods-sendit/Pods-sendit-resources.sh\"\n";
			showEnvVarsInLog = 0;
		};
		8F1CF6D969DF170C29A63AB7 /* [CP] Check Pods Manifest.lock */ = {
			isa = PBXShellScriptBuildPhase;
			buildActionMask = 2147483647;
			files = (
			);
			inputPaths = (
			);
			name = "[CP] Check Pods Manifest.lock";
			outputPaths = (
			);
			runOnlyForDeploymentPostprocessing = 0;
			shellPath = /bin/sh;
			shellScript = "diff \"${PODS_PODFILE_DIR_PATH}/Podfile.lock\" \"${PODS_ROOT}/Manifest.lock\" > /dev/null\nif [ $? != 0 ] ; then\n    # print error to STDERR\n    echo \"error: The sandbox is not in sync with the Podfile.lock. Run 'pod install' or update your CocoaPods installation.\" >&2\n    exit 1\nfi\n";
			showEnvVarsInLog = 0;
		};
		AB3C658CB0058D8935320C32 /* [CP] Embed Pods Frameworks */ = {
			isa = PBXShellScriptBuildPhase;
			buildActionMask = 2147483647;
			files = (
			);
			inputPaths = (
			);
			name = "[CP] Embed Pods Frameworks";
			outputPaths = (
			);
			runOnlyForDeploymentPostprocessing = 0;
			shellPath = /bin/sh;
			shellScript = "\"${SRCROOT}/Pods/Target Support Files/Pods-sendit/Pods-sendit-frameworks.sh\"\n";
			showEnvVarsInLog = 0;
		};
		D323C5ED4E2F6C52FF24753F /* [CP] Copy Pods Resources */ = {
			isa = PBXShellScriptBuildPhase;
			buildActionMask = 2147483647;
			files = (
			);
			inputPaths = (
			);
			name = "[CP] Copy Pods Resources";
			outputPaths = (
			);
			runOnlyForDeploymentPostprocessing = 0;
			shellPath = /bin/sh;
			shellScript = "\"${SRCROOT}/Pods/Target Support Files/Pods-senditTests/Pods-senditTests-resources.sh\"\n";
			showEnvVarsInLog = 0;
		};
		D98E55F96490353771D6643A /* [CP] Embed Pods Frameworks */ = {
			isa = PBXShellScriptBuildPhase;
			buildActionMask = 2147483647;
			files = (
			);
			inputPaths = (
			);
			name = "[CP] Embed Pods Frameworks";
			outputPaths = (
			);
			runOnlyForDeploymentPostprocessing = 0;
			shellPath = /bin/sh;
			shellScript = "\"${SRCROOT}/Pods/Target Support Files/Pods-senditTests/Pods-senditTests-frameworks.sh\"\n";
			showEnvVarsInLog = 0;
		};
		E481A7D65F3C2CD0B617A710 /* [CP] Check Pods Manifest.lock */ = {
			isa = PBXShellScriptBuildPhase;
			buildActionMask = 2147483647;
			files = (
			);
			inputPaths = (
			);
			name = "[CP] Check Pods Manifest.lock";
			outputPaths = (
			);
			runOnlyForDeploymentPostprocessing = 0;
			shellPath = /bin/sh;
			shellScript = "diff \"${PODS_PODFILE_DIR_PATH}/Podfile.lock\" \"${PODS_ROOT}/Manifest.lock\" > /dev/null\nif [ $? != 0 ] ; then\n    # print error to STDERR\n    echo \"error: The sandbox is not in sync with the Podfile.lock. Run 'pod install' or update your CocoaPods installation.\" >&2\n    exit 1\nfi\n";
			showEnvVarsInLog = 0;
		};
		EAB680935147248B7CCA661E /* [CP] Check Pods Manifest.lock */ = {
			isa = PBXShellScriptBuildPhase;
			buildActionMask = 2147483647;
			files = (
			);
			inputPaths = (
			);
			name = "[CP] Check Pods Manifest.lock";
			outputPaths = (
			);
			runOnlyForDeploymentPostprocessing = 0;
			shellPath = /bin/sh;
			shellScript = "diff \"${PODS_PODFILE_DIR_PATH}/Podfile.lock\" \"${PODS_ROOT}/Manifest.lock\" > /dev/null\nif [ $? != 0 ] ; then\n    # print error to STDERR\n    echo \"error: The sandbox is not in sync with the Podfile.lock. Run 'pod install' or update your CocoaPods installation.\" >&2\n    exit 1\nfi\n";
			showEnvVarsInLog = 0;
		};
/* End PBXShellScriptBuildPhase section */

/* Begin PBXSourcesBuildPhase section */
		E4311E0D1E75FF2600FBDF9F /* Sources */ = {
			isa = PBXSourcesBuildPhase;
			buildActionMask = 2147483647;
			files = (
				976C65AD1E9C45C900B01E80 /* NextViewController.swift in Sources */,
				978878D51E95C9F2009835D6 /* LoginViewController.swift in Sources */,
				978878D91E95DCC6009835D6 /* TutorialPageViewController.swift in Sources */,
				E4311E151E75FF2700FBDF9F /* AppDelegate.swift in Sources */,
				8C687A401E9E1DCB005631F7 /* User.swift in Sources */,
				E475BB101EA6D58C00605B56 /* EventDetailsViewController.swift in Sources */,
				E4311E441E760D1400FBDF9F /* EventViewController.swift in Sources */,
				8C687A3A1E9DEBA2005631F7 /* EventItem.swift in Sources */,
			);
			runOnlyForDeploymentPostprocessing = 0;
		};
		E4311E211E75FF2700FBDF9F /* Sources */ = {
			isa = PBXSourcesBuildPhase;
			buildActionMask = 2147483647;
			files = (
				E4311E2A1E75FF2700FBDF9F /* senditTests.swift in Sources */,
			);
			runOnlyForDeploymentPostprocessing = 0;
		};
		E4311E2C1E75FF2700FBDF9F /* Sources */ = {
			isa = PBXSourcesBuildPhase;
			buildActionMask = 2147483647;
			files = (
				E4311E351E75FF2700FBDF9F /* senditUITests.swift in Sources */,
			);
			runOnlyForDeploymentPostprocessing = 0;
		};
/* End PBXSourcesBuildPhase section */

/* Begin PBXTargetDependency section */
		E4311E271E75FF2700FBDF9F /* PBXTargetDependency */ = {
			isa = PBXTargetDependency;
			target = E4311E101E75FF2600FBDF9F /* sendit */;
			targetProxy = E4311E261E75FF2700FBDF9F /* PBXContainerItemProxy */;
		};
		E4311E321E75FF2700FBDF9F /* PBXTargetDependency */ = {
			isa = PBXTargetDependency;
			target = E4311E101E75FF2600FBDF9F /* sendit */;
			targetProxy = E4311E311E75FF2700FBDF9F /* PBXContainerItemProxy */;
		};
/* End PBXTargetDependency section */

/* Begin PBXVariantGroup section */
		E4311E1D1E75FF2700FBDF9F /* LaunchScreen.storyboard */ = {
			isa = PBXVariantGroup;
			children = (
				E4311E1E1E75FF2700FBDF9F /* Base */,
			);
			name = LaunchScreen.storyboard;
			sourceTree = "<group>";
		};
/* End PBXVariantGroup section */

/* Begin XCBuildConfiguration section */
		E4311E371E75FF2700FBDF9F /* Debug */ = {
			isa = XCBuildConfiguration;
			buildSettings = {
				ALWAYS_SEARCH_USER_PATHS = NO;
				CLANG_ANALYZER_NONNULL = YES;
				CLANG_CXX_LANGUAGE_STANDARD = "gnu++0x";
				CLANG_CXX_LIBRARY = "libc++";
				CLANG_ENABLE_MODULES = YES;
				CLANG_ENABLE_OBJC_ARC = YES;
				CLANG_WARN_BOOL_CONVERSION = YES;
				CLANG_WARN_CONSTANT_CONVERSION = YES;
				CLANG_WARN_DIRECT_OBJC_ISA_USAGE = YES_ERROR;
				CLANG_WARN_DOCUMENTATION_COMMENTS = YES;
				CLANG_WARN_EMPTY_BODY = YES;
				CLANG_WARN_ENUM_CONVERSION = YES;
				CLANG_WARN_INFINITE_RECURSION = YES;
				CLANG_WARN_INT_CONVERSION = YES;
				CLANG_WARN_OBJC_ROOT_CLASS = YES_ERROR;
				CLANG_WARN_SUSPICIOUS_MOVE = YES;
				CLANG_WARN_UNREACHABLE_CODE = YES;
				CLANG_WARN__DUPLICATE_METHOD_MATCH = YES;
				"CODE_SIGN_IDENTITY[sdk=iphoneos*]" = "iPhone Developer";
				COPY_PHASE_STRIP = NO;
				DEBUG_INFORMATION_FORMAT = dwarf;
				ENABLE_STRICT_OBJC_MSGSEND = YES;
				ENABLE_TESTABILITY = YES;
				GCC_C_LANGUAGE_STANDARD = gnu99;
				GCC_DYNAMIC_NO_PIC = NO;
				GCC_NO_COMMON_BLOCKS = YES;
				GCC_OPTIMIZATION_LEVEL = 0;
				GCC_PREPROCESSOR_DEFINITIONS = (
					"DEBUG=1",
					"$(inherited)",
				);
				GCC_WARN_64_TO_32_BIT_CONVERSION = YES;
				GCC_WARN_ABOUT_RETURN_TYPE = YES_ERROR;
				GCC_WARN_UNDECLARED_SELECTOR = YES;
				GCC_WARN_UNINITIALIZED_AUTOS = YES_AGGRESSIVE;
				GCC_WARN_UNUSED_FUNCTION = YES;
				GCC_WARN_UNUSED_VARIABLE = YES;
				IPHONEOS_DEPLOYMENT_TARGET = 10.2;
				MTL_ENABLE_DEBUG_INFO = YES;
				ONLY_ACTIVE_ARCH = YES;
				SDKROOT = iphoneos;
				SWIFT_ACTIVE_COMPILATION_CONDITIONS = DEBUG;
				SWIFT_OPTIMIZATION_LEVEL = "-Onone";
				TARGETED_DEVICE_FAMILY = "1,2";
			};
			name = Debug;
		};
		E4311E381E75FF2700FBDF9F /* Release */ = {
			isa = XCBuildConfiguration;
			buildSettings = {
				ALWAYS_SEARCH_USER_PATHS = NO;
				CLANG_ANALYZER_NONNULL = YES;
				CLANG_CXX_LANGUAGE_STANDARD = "gnu++0x";
				CLANG_CXX_LIBRARY = "libc++";
				CLANG_ENABLE_MODULES = YES;
				CLANG_ENABLE_OBJC_ARC = YES;
				CLANG_WARN_BOOL_CONVERSION = YES;
				CLANG_WARN_CONSTANT_CONVERSION = YES;
				CLANG_WARN_DIRECT_OBJC_ISA_USAGE = YES_ERROR;
				CLANG_WARN_DOCUMENTATION_COMMENTS = YES;
				CLANG_WARN_EMPTY_BODY = YES;
				CLANG_WARN_ENUM_CONVERSION = YES;
				CLANG_WARN_INFINITE_RECURSION = YES;
				CLANG_WARN_INT_CONVERSION = YES;
				CLANG_WARN_OBJC_ROOT_CLASS = YES_ERROR;
				CLANG_WARN_SUSPICIOUS_MOVE = YES;
				CLANG_WARN_UNREACHABLE_CODE = YES;
				CLANG_WARN__DUPLICATE_METHOD_MATCH = YES;
				"CODE_SIGN_IDENTITY[sdk=iphoneos*]" = "iPhone Developer";
				COPY_PHASE_STRIP = NO;
				DEBUG_INFORMATION_FORMAT = "dwarf-with-dsym";
				ENABLE_NS_ASSERTIONS = NO;
				ENABLE_STRICT_OBJC_MSGSEND = YES;
				GCC_C_LANGUAGE_STANDARD = gnu99;
				GCC_NO_COMMON_BLOCKS = YES;
				GCC_WARN_64_TO_32_BIT_CONVERSION = YES;
				GCC_WARN_ABOUT_RETURN_TYPE = YES_ERROR;
				GCC_WARN_UNDECLARED_SELECTOR = YES;
				GCC_WARN_UNINITIALIZED_AUTOS = YES_AGGRESSIVE;
				GCC_WARN_UNUSED_FUNCTION = YES;
				GCC_WARN_UNUSED_VARIABLE = YES;
				IPHONEOS_DEPLOYMENT_TARGET = 10.2;
				MTL_ENABLE_DEBUG_INFO = NO;
				SDKROOT = iphoneos;
				SWIFT_OPTIMIZATION_LEVEL = "-Owholemodule";
				TARGETED_DEVICE_FAMILY = "1,2";
				VALIDATE_PRODUCT = YES;
			};
			name = Release;
		};
		E4311E3A1E75FF2700FBDF9F /* Debug */ = {
			isa = XCBuildConfiguration;
			baseConfigurationReference = 1648F0DD869C9BF8E1FF8A5D /* Pods-sendit.debug.xcconfig */;
			buildSettings = {
				ASSETCATALOG_COMPILER_APPICON_NAME = AppIcon;
				DEVELOPMENT_TEAM = GRAXQY7GD5;
				INFOPLIST_FILE = sendit/Info.plist;
				LD_RUNPATH_SEARCH_PATHS = "$(inherited) @executable_path/Frameworks";
				PRODUCT_BUNDLE_IDENTIFIER = HH.sendit;
				PRODUCT_NAME = "$(TARGET_NAME)";
				SWIFT_VERSION = 3.0;
			};
			name = Debug;
		};
		E4311E3B1E75FF2700FBDF9F /* Release */ = {
			isa = XCBuildConfiguration;
			baseConfigurationReference = 3260868B878690FFE6A42F8E /* Pods-sendit.release.xcconfig */;
			buildSettings = {
				ASSETCATALOG_COMPILER_APPICON_NAME = AppIcon;
				DEVELOPMENT_TEAM = GRAXQY7GD5;
				INFOPLIST_FILE = sendit/Info.plist;
				LD_RUNPATH_SEARCH_PATHS = "$(inherited) @executable_path/Frameworks";
				PRODUCT_BUNDLE_IDENTIFIER = HH.sendit;
				PRODUCT_NAME = "$(TARGET_NAME)";
				SWIFT_VERSION = 3.0;
			};
			name = Release;
		};
		E4311E3D1E75FF2700FBDF9F /* Debug */ = {
			isa = XCBuildConfiguration;
			baseConfigurationReference = 9B5172443819BDFD2202C860 /* Pods-senditTests.debug.xcconfig */;
			buildSettings = {
				ALWAYS_EMBED_SWIFT_STANDARD_LIBRARIES = YES;
				BUNDLE_LOADER = "$(TEST_HOST)";
				INFOPLIST_FILE = senditTests/Info.plist;
				LD_RUNPATH_SEARCH_PATHS = "$(inherited) @executable_path/Frameworks @loader_path/Frameworks";
				PRODUCT_BUNDLE_IDENTIFIER = HH.senditTests;
				PRODUCT_NAME = "$(TARGET_NAME)";
				SWIFT_VERSION = 3.0;
				TEST_HOST = "$(BUILT_PRODUCTS_DIR)/sendit.app/sendit";
			};
			name = Debug;
		};
		E4311E3E1E75FF2700FBDF9F /* Release */ = {
			isa = XCBuildConfiguration;
			baseConfigurationReference = B90A8CF74D9F0CBD5F0C7EC2 /* Pods-senditTests.release.xcconfig */;
			buildSettings = {
				ALWAYS_EMBED_SWIFT_STANDARD_LIBRARIES = YES;
				BUNDLE_LOADER = "$(TEST_HOST)";
				INFOPLIST_FILE = senditTests/Info.plist;
				LD_RUNPATH_SEARCH_PATHS = "$(inherited) @executable_path/Frameworks @loader_path/Frameworks";
				PRODUCT_BUNDLE_IDENTIFIER = HH.senditTests;
				PRODUCT_NAME = "$(TARGET_NAME)";
				SWIFT_VERSION = 3.0;
				TEST_HOST = "$(BUILT_PRODUCTS_DIR)/sendit.app/sendit";
			};
			name = Release;
		};
		E4311E401E75FF2700FBDF9F /* Debug */ = {
			isa = XCBuildConfiguration;
			baseConfigurationReference = C8F1FC065CFB05A9B4FA88D6 /* Pods-senditUITests.debug.xcconfig */;
			buildSettings = {
				ALWAYS_EMBED_SWIFT_STANDARD_LIBRARIES = YES;
				INFOPLIST_FILE = senditUITests/Info.plist;
				LD_RUNPATH_SEARCH_PATHS = "$(inherited) @executable_path/Frameworks @loader_path/Frameworks";
				PRODUCT_BUNDLE_IDENTIFIER = HH.senditUITests;
				PRODUCT_NAME = "$(TARGET_NAME)";
				SWIFT_VERSION = 3.0;
				TEST_TARGET_NAME = sendit;
			};
			name = Debug;
		};
		E4311E411E75FF2700FBDF9F /* Release */ = {
			isa = XCBuildConfiguration;
			baseConfigurationReference = DDCDE5493104EA60A31878C2 /* Pods-senditUITests.release.xcconfig */;
			buildSettings = {
				ALWAYS_EMBED_SWIFT_STANDARD_LIBRARIES = YES;
				INFOPLIST_FILE = senditUITests/Info.plist;
				LD_RUNPATH_SEARCH_PATHS = "$(inherited) @executable_path/Frameworks @loader_path/Frameworks";
				PRODUCT_BUNDLE_IDENTIFIER = HH.senditUITests;
				PRODUCT_NAME = "$(TARGET_NAME)";
				SWIFT_VERSION = 3.0;
				TEST_TARGET_NAME = sendit;
			};
			name = Release;
		};
/* End XCBuildConfiguration section */

/* Begin XCConfigurationList section */
		E4311E0C1E75FF2600FBDF9F /* Build configuration list for PBXProject "sendit" */ = {
			isa = XCConfigurationList;
			buildConfigurations = (
				E4311E371E75FF2700FBDF9F /* Debug */,
				E4311E381E75FF2700FBDF9F /* Release */,
			);
			defaultConfigurationIsVisible = 0;
			defaultConfigurationName = Release;
		};
		E4311E391E75FF2700FBDF9F /* Build configuration list for PBXNativeTarget "sendit" */ = {
			isa = XCConfigurationList;
			buildConfigurations = (
				E4311E3A1E75FF2700FBDF9F /* Debug */,
				E4311E3B1E75FF2700FBDF9F /* Release */,
			);
			defaultConfigurationIsVisible = 0;
			defaultConfigurationName = Release;
		};
		E4311E3C1E75FF2700FBDF9F /* Build configuration list for PBXNativeTarget "senditTests" */ = {
			isa = XCConfigurationList;
			buildConfigurations = (
				E4311E3D1E75FF2700FBDF9F /* Debug */,
				E4311E3E1E75FF2700FBDF9F /* Release */,
			);
			defaultConfigurationIsVisible = 0;
			defaultConfigurationName = Release;
		};
		E4311E3F1E75FF2700FBDF9F /* Build configuration list for PBXNativeTarget "senditUITests" */ = {
			isa = XCConfigurationList;
			buildConfigurations = (
				E4311E401E75FF2700FBDF9F /* Debug */,
				E4311E411E75FF2700FBDF9F /* Release */,
			);
			defaultConfigurationIsVisible = 0;
			defaultConfigurationName = Release;
		};
/* End XCConfigurationList section */
	};
	rootObject = E4311E091E75FF2600FBDF9F /* Project object */;
}
